{
  "name": "turotopost",
  "version": "5.2.0",
  "lockfileVersion": 3,
  "requires": true,
  "packages": {
    "": {
      "name": "turotopost",
      "version": "5.2.0",
      "license": "MIT",
      "dependencies": {
        "axios": "^1.7.7",
        "chalk": "^4.1.2",
        "date-fns": "^3.6.0",
        "firebase-admin": "^12.6.0",
        "node-cron": "^3.0.3"
      },
      "devDependencies": {
        "eslint": "^8.57.0",
        "nodemon": "^3.0.0"
      },
      "engines": {
        "node": ">=18.0.0",
        "npm": ">=8.0.0"
      }
    },
    "node_modules/axios": {
      "version": "1.7.7",
      "resolved": "https://registry.npmjs.org/axios/-/axios-1.7.7.tgz",
      "integrity": "sha512-S4kL7XrjgBmvdGut0sN3yJxqYzrDOnivkBiN0OFs6hLiUam3UK+ep
