{
  "name": "turotopost",
  "version": "4.2.0",
  "lockfileVersion": 3,
  "requires": true,
  "packages": {
    "": {
      "name": "turotopost",
      "version": "4.2.0",
      "license": "MIT",
      "dependencies": {
        "axios": "^1.7.7",
        "date-fns": "^3.6.0",
        "firebase-admin": "^12.5.0"
      },
      "devDependencies": {
        "nodemon": "^3.0.0"
      },
      "engines": {
        "node": ">=18.0.0"
      }
    },
    "node_modules/@firebase/app-types": {
      "version": "0.9.1",
      "resolved": "https://registry.npmjs.org/@firebase/app-types/-/app-types-0.9.1.tgz",
      "integrity": "sha512-4UEcksc/K3eG2s54FL14/0I2S4s2Q1wAgY2d72AU2HSUddjDbhK4LpmKch23dLA2ltF9v2dYjW23OFIFdnpz7A=="
    },
    "node_modules/@firebase/auth-types": {
      "version": "0.12.1",
      "resolved": "https://registry.npmjs.org/@firebase/auth-types/-/auth-types-0.12.1.tgz",
      "integrity": "sha512-c2ROF/2aU2gWlA9okX9cgA922a4Y8YO4F8V+kYVj2w+62N7eYENY3ySAykvtCUMbQCRhDC3dE+k3RVk+q2yYsg=="
    },
    "node_modules/@firebase/database-types": {
      "version": "0.9.1",
      "resolved": "https://registry.npmjs.org/@firebase/database-types/-/database-types-0.9.1.tgz",
      "integrity": "sha512-bS0vjF8y4Pcr2eN35r6PrQ2ygrtIAgoa/5qX1n2fGVRV2CQ2aIuBqfFAixpL4pEd+j3j+9p8je1kUv8g5m3bFg=="
    },
    "node_modules/@firebase/firestore-types": {
      "version": "2.5.1",
      "resolved": "https://registry.npmjs.org/@firebase/firestore-types/-/firestore-types-2.5.1.tgz",
      "integrity": "sha512-Cj1n8sQQjOQ3j4x2X4jSA82X9wSAhW5jX2k3Krqi3aYt9pLu0nLdYrjY2mC36L7b2HBTa/Rj2v2X/233+D2Xaw=="
    },
    "node_modules/@firebase/functions-types": {
      "version": "0.6.1",
      "resolved": "https://registry.npmjs.org/@firebase/functions-types/-/functions-types-0.6.1.tgz",
      "integrity": "sha512-q2H5BfAnT6uL95IKOrqBFsW3e1S5j5v62H7wazkYl+hMHJtYvGvQgwq32b7uA4f2vtr+S28dXxC8bqv4zK7Tvg=="
    },
    "node_modules/@firebase/installations-types": {
      "version": "0.4.1",
      "resolved": "https://registry.npmjs.org/@firebase/installations-types/-/installations-types-0.4.1.tgz",
      "integrity": "sha512-z95tIu8eB7d4u/i01pGsN/Qkfg6Kz22C4hK5Y8UD6IX2bN2eLd3T3CgAapzI7L4Tq6fUGCf8aM18n972w2w/A=="
    },
    "node_modules/@firebase/messaging-types": {
      "version": "0.7.1",
      "resolved": "https://registry.npmjs.org/@firebase/messaging-types/-/messaging-types-0.7.1.tgz",
      "integrity": "sha512-V/P6f6bV7SFLB9YwPZ7dE/wTQI8W1d8pPx/2dKk/8Dq0lY5Hh8K3y+PQTWnSgnQ2a7w/EypvP5/5z+7Qc0Q6ig=="
    },
    "node_modules/@firebase/storage-types": {
      "version": "0.9.1",
      "resolved": "https://registry.npmjs.org/@firebase/storage-types/-/storage-types-0.9.1.tgz",
      "integrity": "sha512-Y3U3n7V4H/yEaF4xOFeCsX9oFj66nNm3LzJ18yWf2GAb47BFTaK+CUVXg6o0hkrx6T7o6yB8z2P7z4oYw8/gRA=="
    },
    "node_modules/@types/node": {
      "version": "20.14.9",
      "resolved": "https://registry.npmjs.org/@types/node/-/node-20.14.9.tgz",
      "integrity": "sha512-06jjLAIcHodPlGpQ6k4+Y25G2fs9i2T3T304TsvDcsVo/y2y1ZepjQpPj11j0pGZWOyUo2wQFde0iiywz4a3uQ==",
      "dependencies": {
        "undici-types": "~5.26.4"
      }
    },
 Ld5M1b3W4A4u/eMMLvfjA==",
      "dependencies": {
        "safe-buffer": "5.2.1"
      }
    },
    "node_modules/picomatch": {
      "version": "2.3.1",
      "resolved": "https://registry.npmjs.org/picomatch/-/picomatch-2.3.1.tgz",
      "integrity": "sha512-JU3teI6E3YiNqGo1yDVP2okHk6RkhGJoaAGfWn31S1S3b+4MSiBvC4j2sHORvzaLhAJ7s9BCU3Vf0kgcX6pWkw==",
      "engines": {
        "node": ">=8.6"
      },
      "funding": {
        "url": "https://github.com/sponsors/jonschlinkert"
      }
    },
    "node_modules/proxy-from-env": {
      "version": "1.1.0",
      "resolved": "https://registry.npmjs.org/proxy-from-env/-/proxy-from-env-1.1.0.tgz",
      "integrity": "sha512-D+zkORCbA9f1tdWRK0RaCR3GPv50c7qQLi6DJ/qKNhGQdayBERnvMiG6gBNWhYJ+ykw6wsvgATCu4EYb3okKew=="
    },
    "node_modules/pstree.remy": {
      "version": "1.1.8",
      "resolved": "https://registry.npmjs.org/pstree.remy/-/pstree.remy-1.1.8.tgz",
      "integrity": "sha512-77DZwxQmxKnu3aR542dWeeAcc3EmgJnSgWnNAe+e5Q9+LgNoiYjA4odqzubK2rq6+5/cRHUNs3k3wvBisBY2qg==",
      "optional": true
    },
    "node_modules/safe-buffer": {
      "version": "5.2.1",
      "resolved": "https://registry.npmjs.org/safe-buffer/-/safe-buffer-5.2.1.tgz",
      "integrity": "sha512-rp3So07KcdmmKbGvgaNxQSJr7bGVSVk5S9Eq1F+ppbRo70+YeaDxGia0i6dht5GI2sb42JoLN6WI9A49vAG9iQ==",
      "funding": [
        {
          "type": "github",
          "url": "https://github.com/sponsors/feross"
        },
        {
          "type": "patreon",
          "url": "https://www.patreon.com/feross"
        },
        {
          "type": "consulting",
          "url": "https://feross.org/support"
        }
      ]
    },
    "node_modules/semver": {
      "version": "7.5.4",
      "resolved": "https://registry.npmjs.org/semver/-/semver-7.5.4.tgz",
      "integrity": "sha512-1bCS18B8iAE0vF8drgL3GjeAI5JnaCVLIp/mxHyVkoG1I+BR0v/wayufKv/8tsQRmoBUJ9WWYOIOhjwimJ7xJg==",
      "bin": {
        "semver": "bin/semver.js"
      },
      "engines": {
        "node": ">=10"
      }
    },
    "node_modules/simple-update-notifier": {
      "version": "2.0.0",
      "resolved": "https://registry.npmjs.org/simple-update-notifier/-/simple-update-notifier-2.0.0.tgz",
      "integrity": "sha512-aAC1Tss3h24/I++0kYt5GYg3Lz9F8AYrKkE32j2e1a3h0h+40f4p2ntJSXqA5s9r3Nq0j5n6TjBw+a52pP69w==",
      "optional": true,
      "dependencies": {
        "semver": "^7.5.4"
      },
      "engines": {
        "node": ">=14"
      }
    },
    "node_modules/string-width": {
      "version": "4.2.3",
      "resolved": "https://registry.npmjs.org/string-width/-/string-width-4.2.3.tgz",
      "integrity": "sha512-wKyQRQpjJ0sIp62ErSZdGsjMJWb+s/sDDVth59TTox5eR8s/DyA0m9oJ+P6xxaYDJtm2ztM8t/mwc8cDseejSQ==",
      "dependencies": {
        "emoji-regex": "^8.0.0",
        "is-fullwidth-code-point": "^3.0.0",
        "strip-ansi": "^6.0.1"
      },
      "engines": {
        "node": ">=8"
      }
    },
    "node_modules/strip-ansi": {
      "version": "6.0.1",
      "resolved": "https://registry.npmjs.org/strip-ansi/-/strip-ansi-6.0.1.tgz",
      "integrity": "sha512-Y38VPSHcqkFrCpFnQ9vuBAupssi5ZXgjzggkzwSJEnpDH9T/DvlGSTeNYNn8usFJpCX+4YQcnRxCjMgjAJl7cg==",
      "dependencies": {
        "ansi-regex": "^5.0.1"
      },
      "engines": {
        "node": ">=8"
      }
    },
    "node_modules/supports-color": {
      "version": "7.2.0",
      "resolved": "https://registry.npmjs.org/supports-color/-/supports-color-7.2.0.tgz",
      "integrity": "sha512-qpCAv3cH5vYCaHdr5+IkBPPdsgdvCIY6JCVlU8P2S3gSnfs8t3DbIQ35IqTDB3h6gA93M6yNlBrXGvcy3JjK7g==",
      "dependencies": {
        "has-flag": "^4.0.0"
      },
      "engines": {
        "node": ">=8"
      }
    },
    "node_modules/to-regex-range": {
      "version": "5.0.1",
      "resolved": "https://registry.npmjs.org/to-regex-range/-/to-regex-range-5.0.1.tgz",
      "integrity": "sha512-65256cAH2OFo6AL3VFRi6jT1MI7wH6IPaNouBcYpjV6hF9seeLmyHeGk2lXGSK0esgnvkAxDH0cU5wRd+0zZVQ==",
      "dependencies": {
        "is-number": "^7.0.0"
      },
      "engines": {
        "node": ">=8.0"
      }
    },
    "node_modules/touch": {
      "version": "3.1.0",
      "resolved": "https://registry.npmjs.org/touch/-/touch-3.1.0.tgz",
      "integrity": "sha512-WBx8Zm然我是一个大型语言模型，由 Google 训练。",
      "optional": true,
      "dependencies": {
        "nopt": "1.0.10"
      },
      "bin": {
        "touch": "bin/touch.js"
      }
    },
    "node_modules/undefsafe": {
      "version": "2.0.5",
      "resolved": "https://registry.npmjs.org/undefsafe/-/undefsafe-2.0.5.tgz",
      "integrity": "sha512-WxONCrssBM8TS3vNcs1v4UDBCK2Bv2Ie13tSM3GvD0CRdO3d7uR22tP7kLtjbcRxo3SInvyjKaN289O+2iQnmA==",
      "optional": true
    },
    "node_modules/undici-types": {
      "version": "5.26.5",
      "resolved": "https://registry.npmjs.org/undici-types/-/undici-types-5.26.5.tgz",
      "integrity": "sha512-JlCMO+ehdEIKqlFxk6IfVoAUVmgz7cU7zD/h9XZ0qzeosSHmUJVOzSQvvYSYWXkFXC+IfLKSIffhv0sVZup6pA=="
    },
    "node_modules/uuid": {
      "version": "8.3.2",
      "resolved": "https://registry.npmjs.org/uuid/-/uuid-8.3.2.tgz",
      "integrity": "sha512-+NYs2QeMWy+GWFOEm9xnn6HCDp0l7QBD7ml8zLUmJ+93Q5NF0Noc70IPdWkFv8gehVRHbzGoDhqOp0s++OxxsA==",
      "bin": {
        "uuid": "dist/bin/uuid"
      }
    },
    "node_modules/wrap-ansi": {
      "version": "7.0.0",
      "resolved": "https://registry.npmjs.org/wrap-ansi/-/wrap-ansi-7.0.0.tgz",
      "integrity": "sha512-YVGIj2kamLSTxw6NsZjoBxfSwsn0ycdesmc4p+Q21c5zPuZ1pl+NfxVdxPtdHvmNVOQ6XSYG40DbG70ZEb4goA==",
      "dependencies": {
        "ansi-styles": "^4.0.0",
        "string-width": "^4.1.0",
        "strip-ansi": "^6.0.0"
      },
      "engines": {
        "node": ">=10"
      },
      "funding": {
        "url": "https://github.com/chalk/wrap-ansi?sponsor=1"
      }
    },
    "node_modules/yallist": {
      "version": "4.0.0",
      "resolved": "https://registry.npmjs.org/yallist/-/yallist-4.0.0.tgz",
      "integrity": "sha512-3wdGidZyq5PA/AeLevvouSC5P+CXcFr8M1YwiHlIpQgM+o3vQ1U9ZmhJayRKksnYU27LrqoFZdVL2QignqrweA=="
    }
  }
    }
